
Microsoft Visual Studio Solution File, Format Version 12.00
# Visual Studio Version 16
VisualStudioVersion = 16.0.31112.23
MinimumVisualStudioVersion = 10.0.40219.1
Project("{8BC9CEB8-8B4A-11D0-8D11-00A0C91BC942}") = "OptimalBinarySearchTrees", "OptimalBinarySearchTrees\OptimalBinarySearchTrees.vcxproj", "{5701799A-3715-4FDC-8EE2-CB3573EC43DD}"
EndProject
Global
	GlobalSection(SolutionConfigurationPlatforms) = preSolution
		Debug|x64 = Debug|x64
		Debug|x86 = Debug|x86
		Release|x64 = Release|x64
		Release|x86 = Release|x86
	EndGlobalSection
	GlobalSection(ProjectConfigurationPlatforms) = postSolution
		{5701799A-3715-4FDC-8EE2-CB3573EC43DD}.Debug|x64.ActiveCfg = Debug|x64
		{5701799A-3715-4FDC-8EE2-CB3573EC43DD}.Debug|x64.Build.0 = Debug|x64
		{5701799A-3715-4FDC-8EE2-CB3573EC43DD}.Debug|x86.ActiveCfg = Debug|Win32
		{5701799A-3715-4FDC-8EE2-CB3573EC43DD}.Debug|x86.Build.0 = Debug|Win32
		{5701799A-3715-4FDC-8EE2-CB3573EC43DD}.Release|x64.ActiveCfg = Release|x64
		{5701799A-3715-4FDC-8EE2-CB3573EC43DD}.Release|x64.Build.0 = Release|x64
		{5701799A-3715-4FDC-8EE2-CB3573EC43DD}.Release|x86.ActiveCfg = Release|Win32
		{5701799A-3715-4FDC-8EE2-CB3573EC43DD}.Release|x86.Build.0 = Release|Win32
	EndGlobalSection
	GlobalSection(SolutionProperties) = preSolution
		HideSolutionNode = FALSE
	EndGlobalSection
	GlobalSection(ExtensibilityGlobals) = postSolution
		SolutionGuid = {C3BBDEA3-9274-45D7-8A70-F0A84D995186}
	EndGlobalSection
EndGlobal
